
Microsoft Visual Studio Solution File, Format Version 12.00
# Visual Studio Version 16
VisualStudioVersion = 16.0.29806.167
MinimumVisualStudioVersion = 10.0.40219.1
Project("{FAE04EC0-301F-11D3-BF4B-00C04F79EFBC}") = "EmbeddedHTTP", "EmbeddedHTTP\EmbeddedHTTP.csproj", "{DAC23FCA-6D67-4136-9AB8-8F63A90461AA}"
EndProject
Global
	GlobalSection(SolutionConfigurationPlatforms) = preSolution
		Debug|Any CPU = Debug|Any CPU
		Release|Any CPU = Release|Any CPU
	EndGlobalSection
	GlobalSection(ProjectConfigurationPlatforms) = postSolution
		{DAC23FCA-6D67-4136-9AB8-8F63A90461AA}.Debug|Any CPU.ActiveCfg = Debug|Any CPU
		{DAC23FCA-6D67-4136-9AB8-8F63A90461AA}.Debug|Any CPU.Build.0 = Debug|Any CPU
		{DAC23FCA-6D67-4136-9AB8-8F63A90461AA}.Release|Any CPU.ActiveCfg = Release|Any CPU
		{DAC23FCA-6D67-4136-9AB8-8F63A90461AA}.Release|Any CPU.Build.0 = Release|Any CPU
	EndGlobalSection
	GlobalSection(SolutionProperties) = preSolution
		HideSolutionNode = FALSE
	EndGlobalSection
	GlobalSection(ExtensibilityGlobals) = postSolution
		SolutionGuid = {F935A9A7-3B87-4F14-A07E-89013852C139}
	EndGlobalSection
EndGlobal
